
Microsoft Visual Studio Solution File, Format Version 12.00
# Visual Studio 14
VisualStudioVersion = 14.0.25420.1
MinimumVisualStudioVersion = 10.0.40219.1
Project("{FAE04EC0-301F-11D3-BF4B-00C04F79EFBC}") = "Massacre.Snv.Core", "Massacre.Snv.Core\Massacre.Snv.Core.csproj", "{448E94CB-776B-4B53-BE53-71AB3C84A58E}"
	ProjectSection(ProjectDependencies) = postProject
		{7E903D27-B9A2-4B8C-9D9D-070D52441AB3} = {7E903D27-B9A2-4B8C-9D9D-070D52441AB3}
	EndProjectSection
EndProject
Project("{8BC9CEB8-8B4A-11D0-8D11-00A0C91BC942}") = "SnvBackend", "SnvBackend\SnvBackend.vcxproj", "{7E903D27-B9A2-4B8C-9D9D-070D52441AB3}"
EndProject
Project("{FAE04EC0-301F-11D3-BF4B-00C04F79EFBC}") = "Massacre.Snv.DisplayServer", "Massacre.Snv.DisplayServer\Massacre.Snv.DisplayServer.csproj", "{4376432C-CE73-4ECE-8574-40A507044436}"
EndProject
Project("{FAE04EC0-301F-11D3-BF4B-00C04F79EFBC}") = "Massacre.Snv.Client", "Massacre.Snv.Client\Massacre.Snv.Client.csproj", "{07776030-4B18-469F-A9B5-7A4FEA700319}"
EndProject
Global
	GlobalSection(SolutionConfigurationPlatforms) = preSolution
		Debug|Any CPU = Debug|Any CPU
		Debug|x64 = Debug|x64
		Debug|x86 = Debug|x86
		Release|Any CPU = Release|Any CPU
		Release|x64 = Release|x64
		Release|x86 = Release|x86
	EndGlobalSection
	GlobalSection(ProjectConfigurationPlatforms) = postSolution
		{448E94CB-776B-4B53-BE53-71AB3C84A58E}.Debug|Any CPU.ActiveCfg = Debug|Any CPU
		{448E94CB-776B-4B53-BE53-71AB3C84A58E}.Debug|Any CPU.Build.0 = Debug|Any CPU
		{448E94CB-776B-4B53-BE53-71AB3C84A58E}.Debug|x64.ActiveCfg = Debug|Any CPU
		{448E94CB-776B-4B53-BE53-71AB3C84A58E}.Debug|x64.Build.0 = Debug|Any CPU
		{448E94CB-776B-4B53-BE53-71AB3C84A58E}.Debug|x86.ActiveCfg = Debug|Any CPU
		{448E94CB-776B-4B53-BE53-71AB3C84A58E}.Debug|x86.Build.0 = Debug|Any CPU
		{448E94CB-776B-4B53-BE53-71AB3C84A58E}.Release|Any CPU.ActiveCfg = Release|Any CPU
		{448E94CB-776B-4B53-BE53-71AB3C84A58E}.Release|Any CPU.Build.0 = Release|Any CPU
		{448E94CB-776B-4B53-BE53-71AB3C84A58E}.Release|x64.ActiveCfg = Release|Any CPU
		{448E94CB-776B-4B53-BE53-71AB3C84A58E}.Release|x64.Build.0 = Release|Any CPU
		{448E94CB-776B-4B53-BE53-71AB3C84A58E}.Release|x86.ActiveCfg = Release|Any CPU
		{448E94CB-776B-4B53-BE53-71AB3C84A58E}.Release|x86.Build.0 = Release|Any CPU
		{7E903D27-B9A2-4B8C-9D9D-070D52441AB3}.Debug|Any CPU.ActiveCfg = Debug|Win32
		{7E903D27-B9A2-4B8C-9D9D-070D52441AB3}.Debug|Any CPU.Build.0 = Debug|Win32
		{7E903D27-B9A2-4B8C-9D9D-070D52441AB3}.Debug|x64.ActiveCfg = Debug|x64
		{7E903D27-B9A2-4B8C-9D9D-070D52441AB3}.Debug|x64.Build.0 = Debug|x64
		{7E903D27-B9A2-4B8C-9D9D-070D52441AB3}.Debug|x86.ActiveCfg = Debug|Win32
		{7E903D27-B9A2-4B8C-9D9D-070D52441AB3}.Debug|x86.Build.0 = Debug|Win32
		{7E903D27-B9A2-4B8C-9D9D-070D52441AB3}.Release|Any CPU.ActiveCfg = Release|Win32
		{7E903D27-B9A2-4B8C-9D9D-070D52441AB3}.Release|Any CPU.Build.0 = Release|Win32
		{7E903D27-B9A2-4B8C-9D9D-070D52441AB3}.Release|x64.ActiveCfg = Release|x64
		{7E903D27-B9A2-4B8C-9D9D-070D52441AB3}.Release|x64.Build.0 = Release|x64
		{7E903D27-B9A2-4B8C-9D9D-070D52441AB3}.Release|x86.ActiveCfg = Release|Win32
		{7E903D27-B9A2-4B8C-9D9D-070D52441AB3}.Release|x86.Build.0 = Release|Win32
		{4376432C-CE73-4ECE-8574-40A507044436}.Debug|Any CPU.ActiveCfg = Debug|Any CPU
		{4376432C-CE73-4ECE-8574-40A507044436}.Debug|Any CPU.Build.0 = Debug|Any CPU
		{4376432C-CE73-4ECE-8574-40A507044436}.Debug|x64.ActiveCfg = Debug|Any CPU
		{4376432C-CE73-4ECE-8574-40A507044436}.Debug|x64.Build.0 = Debug|Any CPU
		{4376432C-CE73-4ECE-8574-40A507044436}.Debug|x86.ActiveCfg = Debug|Any CPU
		{4376432C-CE73-4ECE-8574-40A507044436}.Debug|x86.Build.0 = Debug|Any CPU
		{4376432C-CE73-4ECE-8574-40A507044436}.Release|Any CPU.ActiveCfg = Release|Any CPU
		{4376432C-CE73-4ECE-8574-40A507044436}.Release|Any CPU.Build.0 = Release|Any CPU
		{4376432C-CE73-4ECE-8574-40A507044436}.Release|x64.ActiveCfg = Release|Any CPU
		{4376432C-CE73-4ECE-8574-40A507044436}.Release|x64.Build.0 = Release|Any CPU
		{4376432C-CE73-4ECE-8574-40A507044436}.Release|x86.ActiveCfg = Release|Any CPU
		{4376432C-CE73-4ECE-8574-40A507044436}.Release|x86.Build.0 = Release|Any CPU
		{07776030-4B18-469F-A9B5-7A4FEA700319}.Debug|Any CPU.ActiveCfg = Debug|Any CPU
		{07776030-4B18-469F-A9B5-7A4FEA700319}.Debug|Any CPU.Build.0 = Debug|Any CPU
		{07776030-4B18-469F-A9B5-7A4FEA700319}.Debug|x64.ActiveCfg = Debug|Any CPU
		{07776030-4B18-469F-A9B5-7A4FEA700319}.Debug|x64.Build.0 = Debug|Any CPU
		{07776030-4B18-469F-A9B5-7A4FEA700319}.Debug|x86.ActiveCfg = Debug|Any CPU
		{07776030-4B18-469F-A9B5-7A4FEA700319}.Debug|x86.Build.0 = Debug|Any CPU
		{07776030-4B18-469F-A9B5-7A4FEA700319}.Release|Any CPU.ActiveCfg = Release|Any CPU
		{07776030-4B18-469F-A9B5-7A4FEA700319}.Release|Any CPU.Build.0 = Release|Any CPU
		{07776030-4B18-469F-A9B5-7A4FEA700319}.Release|x64.ActiveCfg = Release|Any CPU
		{07776030-4B18-469F-A9B5-7A4FEA700319}.Release|x64.Build.0 = Release|Any CPU
		{07776030-4B18-469F-A9B5-7A4FEA700319}.Release|x86.ActiveCfg = Release|Any CPU
		{07776030-4B18-469F-A9B5-7A4FEA700319}.Release|x86.Build.0 = Release|Any CPU
	EndGlobalSection
	GlobalSection(SolutionProperties) = preSolution
		HideSolutionNode = FALSE
	EndGlobalSection
EndGlobal
